
Microsoft Visual Studio Solution File, Format Version 12.00
# Visual Studio Version 17
VisualStudioVersion = 17.4.33122.133
MinimumVisualStudioVersion = 10.0.40219.1
Project("{9A19103F-16F7-4668-BE54-9A1E7A4F7556}") = "BenzanFF", "BenzanFF\BenzanFF.csproj", "{466F6085-408F-49F6-89B8-F3B6DC2DFE61}"
EndProject
Global
	GlobalSection(SolutionConfigurationPlatforms) = preSolution
		Debug|Any CPU = Debug|Any CPU
		Release|Any CPU = Release|Any CPU
	EndGlobalSection
	GlobalSection(ProjectConfigurationPlatforms) = postSolution
		{466F6085-408F-49F6-89B8-F3B6DC2DFE61}.Debug|Any CPU.ActiveCfg = Debug|Any CPU
		{466F6085-408F-49F6-89B8-F3B6DC2DFE61}.Debug|Any CPU.Build.0 = Debug|Any CPU
		{466F6085-408F-49F6-89B8-F3B6DC2DFE61}.Release|Any CPU.ActiveCfg = Release|Any CPU
		{466F6085-408F-49F6-89B8-F3B6DC2DFE61}.Release|Any CPU.Build.0 = Release|Any CPU
	EndGlobalSection
	GlobalSection(SolutionProperties) = preSolution
		HideSolutionNode = FALSE
	EndGlobalSection
	GlobalSection(ExtensibilityGlobals) = postSolution
		SolutionGuid = {D4C7DE9A-4CDB-4DF3-B5F7-133D0FE9A04F}
	EndGlobalSection
EndGlobal
